
Microsoft Visual Studio Solution File, Format Version 11.00
# Visual Studio 2010
Project("{FAE04EC0-301F-11D3-BF4B-00C04F79EFBC}") = "Frontend", "Frontend\Frontend.csproj", "{8A1B2C9B-78BC-4CC5-919D-0613E5810FA7}"
EndProject
Project("{FAE04EC0-301F-11D3-BF4B-00C04F79EFBC}") = "csapi", "csapi\csapi.csproj", "{B32AE1FF-5905-4EE6-AA5C-FA3D87D5D33A}"
EndProject
Global
	GlobalSection(SolutionConfigurationPlatforms) = preSolution
		Debug|x86 = Debug|x86
		Release|x86 = Release|x86
	EndGlobalSection
	GlobalSection(ProjectConfigurationPlatforms) = postSolution
		{8A1B2C9B-78BC-4CC5-919D-0613E5810FA7}.Debug|x86.ActiveCfg = Release|x86
		{8A1B2C9B-78BC-4CC5-919D-0613E5810FA7}.Debug|x86.Build.0 = Release|x86
		{8A1B2C9B-78BC-4CC5-919D-0613E5810FA7}.Release|x86.ActiveCfg = Release|x86
		{8A1B2C9B-78BC-4CC5-919D-0613E5810FA7}.Release|x86.Build.0 = Release|x86
		{B32AE1FF-5905-4EE6-AA5C-FA3D87D5D33A}.Debug|x86.ActiveCfg = Release|Any CPU
		{B32AE1FF-5905-4EE6-AA5C-FA3D87D5D33A}.Debug|x86.Build.0 = Release|Any CPU
		{B32AE1FF-5905-4EE6-AA5C-FA3D87D5D33A}.Release|x86.ActiveCfg = Release|Any CPU
		{B32AE1FF-5905-4EE6-AA5C-FA3D87D5D33A}.Release|x86.Build.0 = Release|Any CPU
	EndGlobalSection
	GlobalSection(MonoDevelopProperties) = preSolution
		StartupItem = Frontend\Frontend.csproj
		Policies = $0
		$0.DotNetNamingPolicy = $1
		$1.DirectoryNamespaceAssociation = None
		$1.ResourceNamePolicy = FileFormatDefault
		outputpath = .
	EndGlobalSection
EndGlobal
